
Microsoft Visual Studio Solution File, Format Version 12.00
# Visual Studio Version 17
VisualStudioVersion = 17.3.32819.101
MinimumVisualStudioVersion = 10.0.40219.1
Project("{9A19103F-16F7-4668-BE54-9A1E7A4F7556}") = "Saket.Engine", "Saket.Engine\Saket.Engine.csproj", "{BC3CAF4A-828F-4EB0-B57D-0D98EFDCED25}"
EndProject
Project("{2150E333-8FDC-42A3-9474-1A3956D46DE8}") = "Solution Items", "Solution Items", "{DDD57726-B213-4519-AED8-AACB8360387D}"
	ProjectSection(SolutionItems) = preProject
		.editorconfig = .editorconfig
		README.md = README.md
	EndProjectSection
EndProject
Project("{9A19103F-16F7-4668-BE54-9A1E7A4F7556}") = "Saket.ECS", "Saket.ECS\Saket.ECS\Saket.ECS.csproj", "{E9315EF8-1230-4B60-B773-8611D4AB84C5}"
EndProject
Project("{9A19103F-16F7-4668-BE54-9A1E7A4F7556}") = "HackAttack", "HackAttack\HackAttack.csproj", "{D9E30D90-87CE-4CF9-8E49-0C98152DDACD}"
EndProject
Project("{9A19103F-16F7-4668-BE54-9A1E7A4F7556}") = "Saket.Engine.Platform", "Saket.Engine.Platform\Saket.Engine.Platform.csproj", "{68234F90-D6E1-41EE-B3D5-A92DE531D9E1}"
EndProject
Project("{9A19103F-16F7-4668-BE54-9A1E7A4F7556}") = "WebGpuSharp", "WebGPUSharp\WebGpuSharp.csproj", "{052E9897-997A-49E0-9F5A-727C854560EA}"
EndProject
Project("{9A19103F-16F7-4668-BE54-9A1E7A4F7556}") = "Saket.Engine.Platform.SDL", "Saket.Engine.Platform.SDL\Saket.Engine.Platform.SDL.csproj", "{31846BF5-C20B-4A6A-87E4-83C0EB299DCD}"
EndProject
Project("{9A19103F-16F7-4668-BE54-9A1E7A4F7556}") = "Saket.Engine.Platform.MSWindows", "Saket.Engine.Platform.MSWindows\Saket.Engine.Platform.MSWindows.csproj", "{7C70FCD6-93A2-43F6-9477-AF441C1E70A4}"
EndProject
Global
	GlobalSection(SolutionConfigurationPlatforms) = preSolution
		Debug|Any CPU = Debug|Any CPU
		Debug|x64 = Debug|x64
		Release|Any CPU = Release|Any CPU
		Release|x64 = Release|x64
	EndGlobalSection
	GlobalSection(ProjectConfigurationPlatforms) = postSolution
		{BC3CAF4A-828F-4EB0-B57D-0D98EFDCED25}.Debug|Any CPU.ActiveCfg = Debug|Any CPU
		{BC3CAF4A-828F-4EB0-B57D-0D98EFDCED25}.Debug|Any CPU.Build.0 = Debug|Any CPU
		{BC3CAF4A-828F-4EB0-B57D-0D98EFDCED25}.Debug|x64.ActiveCfg = Debug|Any CPU
		{BC3CAF4A-828F-4EB0-B57D-0D98EFDCED25}.Debug|x64.Build.0 = Debug|Any CPU
		{BC3CAF4A-828F-4EB0-B57D-0D98EFDCED25}.Release|Any CPU.ActiveCfg = Release|Any CPU
		{BC3CAF4A-828F-4EB0-B57D-0D98EFDCED25}.Release|Any CPU.Build.0 = Release|Any CPU
		{BC3CAF4A-828F-4EB0-B57D-0D98EFDCED25}.Release|x64.ActiveCfg = Release|Any CPU
		{E9315EF8-1230-4B60-B773-8611D4AB84C5}.Debug|Any CPU.ActiveCfg = Debug|Any CPU
		{E9315EF8-1230-4B60-B773-8611D4AB84C5}.Debug|Any CPU.Build.0 = Debug|Any CPU
		{E9315EF8-1230-4B60-B773-8611D4AB84C5}.Debug|x64.ActiveCfg = Debug|Any CPU
		{E9315EF8-1230-4B60-B773-8611D4AB84C5}.Debug|x64.Build.0 = Debug|Any CPU
		{E9315EF8-1230-4B60-B773-8611D4AB84C5}.Release|Any CPU.ActiveCfg = Release|Any CPU
		{E9315EF8-1230-4B60-B773-8611D4AB84C5}.Release|Any CPU.Build.0 = Release|Any CPU
		{E9315EF8-1230-4B60-B773-8611D4AB84C5}.Release|x64.ActiveCfg = Release|Any CPU
		{E9315EF8-1230-4B60-B773-8611D4AB84C5}.Release|x64.Build.0 = Release|Any CPU
		{D9E30D90-87CE-4CF9-8E49-0C98152DDACD}.Debug|Any CPU.ActiveCfg = Debug|Any CPU
		{D9E30D90-87CE-4CF9-8E49-0C98152DDACD}.Debug|Any CPU.Build.0 = Debug|Any CPU
		{D9E30D90-87CE-4CF9-8E49-0C98152DDACD}.Debug|x64.ActiveCfg = Debug|Any CPU
		{D9E30D90-87CE-4CF9-8E49-0C98152DDACD}.Debug|x64.Build.0 = Debug|Any CPU
		{D9E30D90-87CE-4CF9-8E49-0C98152DDACD}.Release|Any CPU.ActiveCfg = Release|Any CPU
		{D9E30D90-87CE-4CF9-8E49-0C98152DDACD}.Release|Any CPU.Build.0 = Release|Any CPU
		{D9E30D90-87CE-4CF9-8E49-0C98152DDACD}.Release|x64.ActiveCfg = Release|Any CPU
		{D9E30D90-87CE-4CF9-8E49-0C98152DDACD}.Release|x64.Build.0 = Release|Any CPU
		{68234F90-D6E1-41EE-B3D5-A92DE531D9E1}.Debug|Any CPU.ActiveCfg = Debug|Any CPU
		{68234F90-D6E1-41EE-B3D5-A92DE531D9E1}.Debug|Any CPU.Build.0 = Debug|Any CPU
		{68234F90-D6E1-41EE-B3D5-A92DE531D9E1}.Debug|x64.ActiveCfg = Debug|Any CPU
		{68234F90-D6E1-41EE-B3D5-A92DE531D9E1}.Debug|x64.Build.0 = Debug|Any CPU
		{68234F90-D6E1-41EE-B3D5-A92DE531D9E1}.Release|Any CPU.ActiveCfg = Release|Any CPU
		{68234F90-D6E1-41EE-B3D5-A92DE531D9E1}.Release|Any CPU.Build.0 = Release|Any CPU
		{68234F90-D6E1-41EE-B3D5-A92DE531D9E1}.Release|x64.ActiveCfg = Release|Any CPU
		{68234F90-D6E1-41EE-B3D5-A92DE531D9E1}.Release|x64.Build.0 = Release|Any CPU
		{052E9897-997A-49E0-9F5A-727C854560EA}.Debug|Any CPU.ActiveCfg = Debug|Any CPU
		{052E9897-997A-49E0-9F5A-727C854560EA}.Debug|Any CPU.Build.0 = Debug|Any CPU
		{052E9897-997A-49E0-9F5A-727C854560EA}.Debug|x64.ActiveCfg = Debug|Any CPU
		{052E9897-997A-49E0-9F5A-727C854560EA}.Debug|x64.Build.0 = Debug|Any CPU
		{052E9897-997A-49E0-9F5A-727C854560EA}.Release|Any CPU.ActiveCfg = Release|Any CPU
		{052E9897-997A-49E0-9F5A-727C854560EA}.Release|Any CPU.Build.0 = Release|Any CPU
		{052E9897-997A-49E0-9F5A-727C854560EA}.Release|x64.ActiveCfg = Release|Any CPU
		{052E9897-997A-49E0-9F5A-727C854560EA}.Release|x64.Build.0 = Release|Any CPU
		{31846BF5-C20B-4A6A-87E4-83C0EB299DCD}.Debug|Any CPU.ActiveCfg = Debug|Any CPU
		{31846BF5-C20B-4A6A-87E4-83C0EB299DCD}.Debug|Any CPU.Build.0 = Debug|Any CPU
		{31846BF5-C20B-4A6A-87E4-83C0EB299DCD}.Debug|x64.ActiveCfg = Debug|Any CPU
		{31846BF5-C20B-4A6A-87E4-83C0EB299DCD}.Debug|x64.Build.0 = Debug|Any CPU
		{31846BF5-C20B-4A6A-87E4-83C0EB299DCD}.Release|Any CPU.ActiveCfg = Release|Any CPU
		{31846BF5-C20B-4A6A-87E4-83C0EB299DCD}.Release|Any CPU.Build.0 = Release|Any CPU
		{31846BF5-C20B-4A6A-87E4-83C0EB299DCD}.Release|x64.ActiveCfg = Release|Any CPU
		{31846BF5-C20B-4A6A-87E4-83C0EB299DCD}.Release|x64.Build.0 = Release|Any CPU
		{7C70FCD6-93A2-43F6-9477-AF441C1E70A4}.Debug|Any CPU.ActiveCfg = Debug|Any CPU
		{7C70FCD6-93A2-43F6-9477-AF441C1E70A4}.Debug|Any CPU.Build.0 = Debug|Any CPU
		{7C70FCD6-93A2-43F6-9477-AF441C1E70A4}.Debug|x64.ActiveCfg = Debug|Any CPU
		{7C70FCD6-93A2-43F6-9477-AF441C1E70A4}.Debug|x64.Build.0 = Debug|Any CPU
		{7C70FCD6-93A2-43F6-9477-AF441C1E70A4}.Release|Any CPU.ActiveCfg = Release|Any CPU
		{7C70FCD6-93A2-43F6-9477-AF441C1E70A4}.Release|Any CPU.Build.0 = Release|Any CPU
		{7C70FCD6-93A2-43F6-9477-AF441C1E70A4}.Release|x64.ActiveCfg = Release|Any CPU
		{7C70FCD6-93A2-43F6-9477-AF441C1E70A4}.Release|x64.Build.0 = Release|Any CPU
	EndGlobalSection
	GlobalSection(SolutionProperties) = preSolution
		HideSolutionNode = FALSE
	EndGlobalSection
	GlobalSection(ExtensibilityGlobals) = postSolution
		SolutionGuid = {2ACBD807-9AAB-4E21-AA7F-B8A97D4D67A6}
	EndGlobalSection
EndGlobal
